
Microsoft Visual Studio Solution File, Format Version 12.00
# Visual Studio Version 17
VisualStudioVersion = 17.0.32112.339
MinimumVisualStudioVersion = 10.0.40219.1
Project("{FAE04EC0-301F-11D3-BF4B-00C04F79EFBC}") = "IdentityUserManagementProject", "IdentityUserManagementProject.csproj", "{EB5E4463-2457-4D9A-8FB0-AB39B58E7DF9}"
EndProject
Global
	GlobalSection(SolutionConfigurationPlatforms) = preSolution
		Debug|Any CPU = Debug|Any CPU
		Release|Any CPU = Release|Any CPU
	EndGlobalSection
	GlobalSection(ProjectConfigurationPlatforms) = postSolution
		{EB5E4463-2457-4D9A-8FB0-AB39B58E7DF9}.Debug|Any CPU.ActiveCfg = Debug|Any CPU
		{EB5E4463-2457-4D9A-8FB0-AB39B58E7DF9}.Debug|Any CPU.Build.0 = Debug|Any CPU
		{EB5E4463-2457-4D9A-8FB0-AB39B58E7DF9}.Release|Any CPU.ActiveCfg = Release|Any CPU
		{EB5E4463-2457-4D9A-8FB0-AB39B58E7DF9}.Release|Any CPU.Build.0 = Release|Any CPU
	EndGlobalSection
	GlobalSection(SolutionProperties) = preSolution
		HideSolutionNode = FALSE
	EndGlobalSection
	GlobalSection(ExtensibilityGlobals) = postSolution
		SolutionGuid = {1EFF4891-A67D-4F3E-8AEB-6533F59889C7}
	EndGlobalSection
EndGlobal
